
Microsoft Visual Studio Solution File, Format Version 12.00
# Visual Studio Version 17
VisualStudioVersion = 17.10.34916.146
MinimumVisualStudioVersion = 10.0.40219.1
Project("{9A19103F-16F7-4668-BE54-9A1E7A4F7556}") = "SageKing.Core", "SageKing.Core\SageKing.Core.csproj", "{D45E6274-856B-4708-9F95-4E8934DD9F07}"
EndProject
Project("{9A19103F-16F7-4668-BE54-9A1E7A4F7556}") = "SageKing.Studio", "SageKing.Studio\SageKing.Studio.csproj", "{AC425CC3-83C8-41E6-939C-1AFFE561B37F}"
EndProject
Project("{2150E333-8FDC-42A3-9474-1A3956D46DE8}") = "config", "config", "{35BBBD9D-74D0-4F1E-A30C-E02943AA5A63}"
	ProjectSection(SolutionItems) = preProject
		Directory.Build.props = Directory.Build.props
		Directory.Build.targets = Directory.Build.targets
		Directory.Packages.props = Directory.Packages.props
		global.json = global.json
		nuget.config = nuget.config
		..\README.md = ..\README.md
	EndProjectSection
EndProject
Project("{2150E333-8FDC-42A3-9474-1A3956D46DE8}") = "SageKing", "SageKing", "{774DF78A-4363-44EB-9518-565BE31486E2}"
EndProject
Project("{2150E333-8FDC-42A3-9474-1A3956D46DE8}") = "IceRPC", "IceRPC", "{71CCC3F4-E509-45A3-B512-C5F5F6D23700}"
EndProject
Project("{9A19103F-16F7-4668-BE54-9A1E7A4F7556}") = "SageKing.IceRPC", "SageKing.IceRPC\SageKing.IceRPC.csproj", "{69F692E9-E103-4622-9170-F7A0F14E6ED1}"
EndProject
Project("{9A19103F-16F7-4668-BE54-9A1E7A4F7556}") = "SageKing.IceRPC.Client", "SageKing.IceRPC.Client\SageKing.IceRPC.Client.csproj", "{C8690458-9301-4660-810D-0415173765D5}"
EndProject
Project("{9A19103F-16F7-4668-BE54-9A1E7A4F7556}") = "SageKing.IceRPC.Server", "SageKing.IceRPC.Server\SageKing.IceRPC.Server.csproj", "{5AF24132-4836-45BC-9DDA-D18318DF64F1}"
EndProject
Project("{2150E333-8FDC-42A3-9474-1A3956D46DE8}") = "Common", "Common", "{7318F886-7E45-4156-B221-F68837DC28BA}"
EndProject
Project("{9A19103F-16F7-4668-BE54-9A1E7A4F7556}") = "SageKing.Features", "SageKing.Common\SageKing.Features\SageKing.Features.csproj", "{79324C0D-D2B8-4948-B1B4-A25868319E4F}"
EndProject
Project("{9A19103F-16F7-4668-BE54-9A1E7A4F7556}") = "SageKing.Management", "SageKing.Management\SageKing.Management.csproj", "{A3777A94-4FFB-46C4-997D-F5913C7C338B}"
EndProject
Project("{9A19103F-16F7-4668-BE54-9A1E7A4F7556}") = "SageKing", "SageKing\SageKing.csproj", "{B3612DA0-A60A-4D0F-9C79-C1FAFD16B814}"
EndProject
Project("{9A19103F-16F7-4668-BE54-9A1E7A4F7556}") = "SageKing.MediatR", "SageKing.Common\SageKing.MediatR\SageKing.MediatR.csproj", "{06A7E516-E44E-4CA6-AA94-34344BC4DAD2}"
EndProject
Project("{2150E333-8FDC-42A3-9474-1A3956D46DE8}") = "tests", "tests", "{A7236CC3-9B63-4DEE-A157-36ED3C326ADD}"
EndProject
Project("{2150E333-8FDC-42A3-9474-1A3956D46DE8}") = "Benchmark", "Benchmark", "{14ABD1CF-E742-4CB6-9BED-5356D724D8DD}"
EndProject
Project("{9A19103F-16F7-4668-BE54-9A1E7A4F7556}") = "SageKing.IceRPC.BenchmarkTest", "..\tests\Benchmark\SageKing.IceRPC.BenchmarkTest\SageKing.IceRPC.BenchmarkTest.csproj", "{6FA303CE-AE5D-4F22-8BFC-D5990E2764D3}"
EndProject
Project("{9A19103F-16F7-4668-BE54-9A1E7A4F7556}") = "SageKing.IceRPC.Test", "..\tests\SageKing.IceRPC.Test\SageKing.IceRPC.Test.csproj", "{02F6F45F-F3CC-43F8-8D8D-6F25E7C8A146}"
EndProject
Project("{2150E333-8FDC-42A3-9474-1A3956D46DE8}") = "Database", "Database", "{98E3FEC3-BE54-4733-A227-0FD06C16422D}"
EndProject
Project("{FAE04EC0-301F-11D3-BF4B-00C04F79EFBC}") = "SageKing.Database", "SageKing.Database\SageKing.Database\SageKing.Database.csproj", "{55EAC394-17F6-447C-B720-D4D003BE283E}"
EndProject
Project("{FAE04EC0-301F-11D3-BF4B-00C04F79EFBC}") = "SageKing.Database.SqlSugar", "SageKing.Database\SageKing.Database.SqlSugar\SageKing.Database.SqlSugar.csproj", "{57613154-3C69-42DA-A3B2-48E79EFED799}"
EndProject
Project("{FAE04EC0-301F-11D3-BF4B-00C04F79EFBC}") = "SageKing.Cache", "SageKing.Database\SageKing.Database.Cache\SageKing.Cache.csproj", "{0009D192-7639-4519-A98D-B441282E0A65}"
EndProject
Global
	GlobalSection(SolutionConfigurationPlatforms) = preSolution
		Debug|Any CPU = Debug|Any CPU
		Release|Any CPU = Release|Any CPU
	EndGlobalSection
	GlobalSection(ProjectConfigurationPlatforms) = postSolution
		{D45E6274-856B-4708-9F95-4E8934DD9F07}.Debug|Any CPU.ActiveCfg = Debug|Any CPU
		{D45E6274-856B-4708-9F95-4E8934DD9F07}.Debug|Any CPU.Build.0 = Debug|Any CPU
		{D45E6274-856B-4708-9F95-4E8934DD9F07}.Release|Any CPU.ActiveCfg = Release|Any CPU
		{D45E6274-856B-4708-9F95-4E8934DD9F07}.Release|Any CPU.Build.0 = Release|Any CPU
		{AC425CC3-83C8-41E6-939C-1AFFE561B37F}.Debug|Any CPU.ActiveCfg = Debug|Any CPU
		{AC425CC3-83C8-41E6-939C-1AFFE561B37F}.Debug|Any CPU.Build.0 = Debug|Any CPU
		{AC425CC3-83C8-41E6-939C-1AFFE561B37F}.Release|Any CPU.ActiveCfg = Release|Any CPU
		{AC425CC3-83C8-41E6-939C-1AFFE561B37F}.Release|Any CPU.Build.0 = Release|Any CPU
		{69F692E9-E103-4622-9170-F7A0F14E6ED1}.Debug|Any CPU.ActiveCfg = Debug|Any CPU
		{69F692E9-E103-4622-9170-F7A0F14E6ED1}.Debug|Any CPU.Build.0 = Debug|Any CPU
		{69F692E9-E103-4622-9170-F7A0F14E6ED1}.Release|Any CPU.ActiveCfg = Release|Any CPU
		{69F692E9-E103-4622-9170-F7A0F14E6ED1}.Release|Any CPU.Build.0 = Release|Any CPU
		{C8690458-9301-4660-810D-0415173765D5}.Debug|Any CPU.ActiveCfg = Debug|Any CPU
		{C8690458-9301-4660-810D-0415173765D5}.Debug|Any CPU.Build.0 = Debug|Any CPU
		{C8690458-9301-4660-810D-0415173765D5}.Release|Any CPU.ActiveCfg = Release|Any CPU
		{C8690458-9301-4660-810D-0415173765D5}.Release|Any CPU.Build.0 = Release|Any CPU
		{5AF24132-4836-45BC-9DDA-D18318DF64F1}.Debug|Any CPU.ActiveCfg = Debug|Any CPU
		{5AF24132-4836-45BC-9DDA-D18318DF64F1}.Debug|Any CPU.Build.0 = Debug|Any CPU
		{5AF24132-4836-45BC-9DDA-D18318DF64F1}.Release|Any CPU.ActiveCfg = Release|Any CPU
		{5AF24132-4836-45BC-9DDA-D18318DF64F1}.Release|Any CPU.Build.0 = Release|Any CPU
		{79324C0D-D2B8-4948-B1B4-A25868319E4F}.Debug|Any CPU.ActiveCfg = Debug|Any CPU
		{79324C0D-D2B8-4948-B1B4-A25868319E4F}.Debug|Any CPU.Build.0 = Debug|Any CPU
		{79324C0D-D2B8-4948-B1B4-A25868319E4F}.Release|Any CPU.ActiveCfg = Release|Any CPU
		{79324C0D-D2B8-4948-B1B4-A25868319E4F}.Release|Any CPU.Build.0 = Release|Any CPU
		{A3777A94-4FFB-46C4-997D-F5913C7C338B}.Debug|Any CPU.ActiveCfg = Debug|Any CPU
		{A3777A94-4FFB-46C4-997D-F5913C7C338B}.Debug|Any CPU.Build.0 = Debug|Any CPU
		{A3777A94-4FFB-46C4-997D-F5913C7C338B}.Release|Any CPU.ActiveCfg = Release|Any CPU
		{A3777A94-4FFB-46C4-997D-F5913C7C338B}.Release|Any CPU.Build.0 = Release|Any CPU
		{B3612DA0-A60A-4D0F-9C79-C1FAFD16B814}.Debug|Any CPU.ActiveCfg = Debug|Any CPU
		{B3612DA0-A60A-4D0F-9C79-C1FAFD16B814}.Debug|Any CPU.Build.0 = Debug|Any CPU
		{B3612DA0-A60A-4D0F-9C79-C1FAFD16B814}.Release|Any CPU.ActiveCfg = Release|Any CPU
		{B3612DA0-A60A-4D0F-9C79-C1FAFD16B814}.Release|Any CPU.Build.0 = Release|Any CPU
		{06A7E516-E44E-4CA6-AA94-34344BC4DAD2}.Debug|Any CPU.ActiveCfg = Debug|Any CPU
		{06A7E516-E44E-4CA6-AA94-34344BC4DAD2}.Debug|Any CPU.Build.0 = Debug|Any CPU
		{06A7E516-E44E-4CA6-AA94-34344BC4DAD2}.Release|Any CPU.ActiveCfg = Release|Any CPU
		{06A7E516-E44E-4CA6-AA94-34344BC4DAD2}.Release|Any CPU.Build.0 = Release|Any CPU
		{6FA303CE-AE5D-4F22-8BFC-D5990E2764D3}.Debug|Any CPU.ActiveCfg = Debug|Any CPU
		{6FA303CE-AE5D-4F22-8BFC-D5990E2764D3}.Debug|Any CPU.Build.0 = Debug|Any CPU
		{6FA303CE-AE5D-4F22-8BFC-D5990E2764D3}.Release|Any CPU.ActiveCfg = Release|Any CPU
		{6FA303CE-AE5D-4F22-8BFC-D5990E2764D3}.Release|Any CPU.Build.0 = Release|Any CPU
		{02F6F45F-F3CC-43F8-8D8D-6F25E7C8A146}.Debug|Any CPU.ActiveCfg = Debug|Any CPU
		{02F6F45F-F3CC-43F8-8D8D-6F25E7C8A146}.Debug|Any CPU.Build.0 = Debug|Any CPU
		{02F6F45F-F3CC-43F8-8D8D-6F25E7C8A146}.Release|Any CPU.ActiveCfg = Release|Any CPU
		{02F6F45F-F3CC-43F8-8D8D-6F25E7C8A146}.Release|Any CPU.Build.0 = Release|Any CPU
		{55EAC394-17F6-447C-B720-D4D003BE283E}.Debug|Any CPU.ActiveCfg = Debug|Any CPU
		{55EAC394-17F6-447C-B720-D4D003BE283E}.Debug|Any CPU.Build.0 = Debug|Any CPU
		{55EAC394-17F6-447C-B720-D4D003BE283E}.Release|Any CPU.ActiveCfg = Release|Any CPU
		{55EAC394-17F6-447C-B720-D4D003BE283E}.Release|Any CPU.Build.0 = Release|Any CPU
		{57613154-3C69-42DA-A3B2-48E79EFED799}.Debug|Any CPU.ActiveCfg = Debug|Any CPU
		{57613154-3C69-42DA-A3B2-48E79EFED799}.Debug|Any CPU.Build.0 = Debug|Any CPU
		{57613154-3C69-42DA-A3B2-48E79EFED799}.Release|Any CPU.ActiveCfg = Release|Any CPU
		{57613154-3C69-42DA-A3B2-48E79EFED799}.Release|Any CPU.Build.0 = Release|Any CPU
		{0009D192-7639-4519-A98D-B441282E0A65}.Debug|Any CPU.ActiveCfg = Debug|Any CPU
		{0009D192-7639-4519-A98D-B441282E0A65}.Debug|Any CPU.Build.0 = Debug|Any CPU
		{0009D192-7639-4519-A98D-B441282E0A65}.Release|Any CPU.ActiveCfg = Release|Any CPU
		{0009D192-7639-4519-A98D-B441282E0A65}.Release|Any CPU.Build.0 = Release|Any CPU
	EndGlobalSection
	GlobalSection(SolutionProperties) = preSolution
		HideSolutionNode = FALSE
	EndGlobalSection
	GlobalSection(NestedProjects) = preSolution
		{D45E6274-856B-4708-9F95-4E8934DD9F07} = {774DF78A-4363-44EB-9518-565BE31486E2}
		{71CCC3F4-E509-45A3-B512-C5F5F6D23700} = {774DF78A-4363-44EB-9518-565BE31486E2}
		{69F692E9-E103-4622-9170-F7A0F14E6ED1} = {71CCC3F4-E509-45A3-B512-C5F5F6D23700}
		{C8690458-9301-4660-810D-0415173765D5} = {71CCC3F4-E509-45A3-B512-C5F5F6D23700}
		{5AF24132-4836-45BC-9DDA-D18318DF64F1} = {71CCC3F4-E509-45A3-B512-C5F5F6D23700}
		{7318F886-7E45-4156-B221-F68837DC28BA} = {774DF78A-4363-44EB-9518-565BE31486E2}
		{79324C0D-D2B8-4948-B1B4-A25868319E4F} = {7318F886-7E45-4156-B221-F68837DC28BA}
		{A3777A94-4FFB-46C4-997D-F5913C7C338B} = {774DF78A-4363-44EB-9518-565BE31486E2}
		{B3612DA0-A60A-4D0F-9C79-C1FAFD16B814} = {774DF78A-4363-44EB-9518-565BE31486E2}
		{06A7E516-E44E-4CA6-AA94-34344BC4DAD2} = {7318F886-7E45-4156-B221-F68837DC28BA}
		{14ABD1CF-E742-4CB6-9BED-5356D724D8DD} = {A7236CC3-9B63-4DEE-A157-36ED3C326ADD}
		{6FA303CE-AE5D-4F22-8BFC-D5990E2764D3} = {14ABD1CF-E742-4CB6-9BED-5356D724D8DD}
		{02F6F45F-F3CC-43F8-8D8D-6F25E7C8A146} = {A7236CC3-9B63-4DEE-A157-36ED3C326ADD}
		{98E3FEC3-BE54-4733-A227-0FD06C16422D} = {774DF78A-4363-44EB-9518-565BE31486E2}
		{55EAC394-17F6-447C-B720-D4D003BE283E} = {98E3FEC3-BE54-4733-A227-0FD06C16422D}
		{57613154-3C69-42DA-A3B2-48E79EFED799} = {98E3FEC3-BE54-4733-A227-0FD06C16422D}
		{0009D192-7639-4519-A98D-B441282E0A65} = {98E3FEC3-BE54-4733-A227-0FD06C16422D}
	EndGlobalSection
	GlobalSection(ExtensibilityGlobals) = postSolution
		SolutionGuid = {2F631A7F-D4DD-4C8D-A8B9-47797DD7B86A}
	EndGlobalSection
EndGlobal
